
Microsoft Visual Studio Solution File, Format Version 12.00
# Visual Studio 15
VisualStudioVersion = 15.0.27130.2024
MinimumVisualStudioVersion = 10.0.40219.1
Project("{FAE04EC0-301F-11D3-BF4B-00C04F79EFBC}") = "Калькулятор Целый", "Калькулятор Целый\Калькулятор Целый.csproj", "{FD8EB100-2922-458F-BD59-DC6D72C8FCA5}"
EndProject
Global
	GlobalSection(SolutionConfigurationPlatforms) = preSolution
		Debug|Any CPU = Debug|Any CPU
		Release|Any CPU = Release|Any CPU
	EndGlobalSection
	GlobalSection(ProjectConfigurationPlatforms) = postSolution
		{FD8EB100-2922-458F-BD59-DC6D72C8FCA5}.Debug|Any CPU.ActiveCfg = Debug|Any CPU
		{FD8EB100-2922-458F-BD59-DC6D72C8FCA5}.Debug|Any CPU.Build.0 = Debug|Any CPU
		{FD8EB100-2922-458F-BD59-DC6D72C8FCA5}.Release|Any CPU.ActiveCfg = Release|Any CPU
		{FD8EB100-2922-458F-BD59-DC6D72C8FCA5}.Release|Any CPU.Build.0 = Release|Any CPU
	EndGlobalSection
	GlobalSection(SolutionProperties) = preSolution
		HideSolutionNode = FALSE
	EndGlobalSection
	GlobalSection(ExtensibilityGlobals) = postSolution
		SolutionGuid = {184AA47A-AEC3-4CB1-9B59-3FE771468DBC}
	EndGlobalSection
EndGlobal
